
Microsoft Visual Studio Solution File, Format Version 12.00
Project("{FAE04EC0-301F-11D3-BF4B-00C04F79EFBC}") = "ChainOfResponsebility", "ChainOfResponsebility\ChainOfResponsebility.csproj", "{F6EDCB6C-9725-4D6F-AEFE-10A6C8E78172}"
EndProject
Project("{FAE04EC0-301F-11D3-BF4B-00C04F79EFBC}") = "BindingListINotifyProperty", "BindingListINotifyProperty\BindingListINotifyProperty.csproj", "{C2EBBD03-C595-4CE5-BEAF-B3FA7EDD49C4}"
EndProject
Global
	GlobalSection(SolutionConfigurationPlatforms) = preSolution
		Debug|Any CPU = Debug|Any CPU
		Release|Any CPU = Release|Any CPU
	EndGlobalSection
	GlobalSection(ProjectConfigurationPlatforms) = postSolution
		{F6EDCB6C-9725-4D6F-AEFE-10A6C8E78172}.Debug|Any CPU.ActiveCfg = Debug|Any CPU
		{F6EDCB6C-9725-4D6F-AEFE-10A6C8E78172}.Debug|Any CPU.Build.0 = Debug|Any CPU
		{F6EDCB6C-9725-4D6F-AEFE-10A6C8E78172}.Release|Any CPU.ActiveCfg = Release|Any CPU
		{F6EDCB6C-9725-4D6F-AEFE-10A6C8E78172}.Release|Any CPU.Build.0 = Release|Any CPU
		{C2EBBD03-C595-4CE5-BEAF-B3FA7EDD49C4}.Debug|Any CPU.ActiveCfg = Debug|Any CPU
		{C2EBBD03-C595-4CE5-BEAF-B3FA7EDD49C4}.Debug|Any CPU.Build.0 = Debug|Any CPU
		{C2EBBD03-C595-4CE5-BEAF-B3FA7EDD49C4}.Release|Any CPU.ActiveCfg = Release|Any CPU
		{C2EBBD03-C595-4CE5-BEAF-B3FA7EDD49C4}.Release|Any CPU.Build.0 = Release|Any CPU
	EndGlobalSection
EndGlobal
